
Microsoft Visual Studio Solution File, Format Version 12.00
# Visual Studio 14
VisualStudioVersion = 14.0.25123.0
MinimumVisualStudioVersion = 10.0.40219.1
Project("{FAE04EC0-301F-11D3-BF4B-00C04F79EFBC}") = "EventRouting", "EventRouting\EventRouting.csproj", "{12BAF919-3614-42B9-AC6A-0F9A7D3AD336}"
EndProject
Project("{FAE04EC0-301F-11D3-BF4B-00C04F79EFBC}") = "Commands", "Commands\Commands.csproj", "{A7720B5C-8C37-4D23-BAD9-7F0DAC97F741}"
EndProject
Project("{FAE04EC0-301F-11D3-BF4B-00C04F79EFBC}") = "MenuAndCommands", "MenuAndCommands\MenuAndCommands.csproj", "{6C488A55-3F3F-49F3-81B9-459491066EFD}"
EndProject
Global
	GlobalSection(SolutionConfigurationPlatforms) = preSolution
		Debug|Any CPU = Debug|Any CPU
		Release|Any CPU = Release|Any CPU
	EndGlobalSection
	GlobalSection(ProjectConfigurationPlatforms) = postSolution
		{12BAF919-3614-42B9-AC6A-0F9A7D3AD336}.Debug|Any CPU.ActiveCfg = Debug|Any CPU
		{12BAF919-3614-42B9-AC6A-0F9A7D3AD336}.Debug|Any CPU.Build.0 = Debug|Any CPU
		{12BAF919-3614-42B9-AC6A-0F9A7D3AD336}.Release|Any CPU.ActiveCfg = Release|Any CPU
		{12BAF919-3614-42B9-AC6A-0F9A7D3AD336}.Release|Any CPU.Build.0 = Release|Any CPU
		{A7720B5C-8C37-4D23-BAD9-7F0DAC97F741}.Debug|Any CPU.ActiveCfg = Debug|Any CPU
		{A7720B5C-8C37-4D23-BAD9-7F0DAC97F741}.Debug|Any CPU.Build.0 = Debug|Any CPU
		{A7720B5C-8C37-4D23-BAD9-7F0DAC97F741}.Release|Any CPU.ActiveCfg = Release|Any CPU
		{A7720B5C-8C37-4D23-BAD9-7F0DAC97F741}.Release|Any CPU.Build.0 = Release|Any CPU
		{6C488A55-3F3F-49F3-81B9-459491066EFD}.Debug|Any CPU.ActiveCfg = Debug|Any CPU
		{6C488A55-3F3F-49F3-81B9-459491066EFD}.Debug|Any CPU.Build.0 = Debug|Any CPU
		{6C488A55-3F3F-49F3-81B9-459491066EFD}.Release|Any CPU.ActiveCfg = Release|Any CPU
		{6C488A55-3F3F-49F3-81B9-459491066EFD}.Release|Any CPU.Build.0 = Release|Any CPU
	EndGlobalSection
	GlobalSection(SolutionProperties) = preSolution
		HideSolutionNode = FALSE
	EndGlobalSection
EndGlobal
