
Microsoft Visual Studio Solution File, Format Version 12.00
# Visual Studio 14
VisualStudioVersion = 14.0.25123.0
MinimumVisualStudioVersion = 10.0.40219.1
Project("{FAE04EC0-301F-11D3-BF4B-00C04F79EFBC}") = "Geography.Data", "Geography.Data\Geography.Data.csproj", "{C18E4613-63EB-433F-A16D-2625669F0874}"
EndProject
Project("{FAE04EC0-301F-11D3-BF4B-00C04F79EFBC}") = "Geography.Client", "Geography.Client\Geography.Client.csproj", "{8F1A30AD-A8EB-4CED-B374-793C1410FF40}"
EndProject
Global
	GlobalSection(SolutionConfigurationPlatforms) = preSolution
		Debug|Any CPU = Debug|Any CPU
		Release|Any CPU = Release|Any CPU
	EndGlobalSection
	GlobalSection(ProjectConfigurationPlatforms) = postSolution
		{C18E4613-63EB-433F-A16D-2625669F0874}.Debug|Any CPU.ActiveCfg = Debug|Any CPU
		{C18E4613-63EB-433F-A16D-2625669F0874}.Debug|Any CPU.Build.0 = Debug|Any CPU
		{C18E4613-63EB-433F-A16D-2625669F0874}.Release|Any CPU.ActiveCfg = Release|Any CPU
		{C18E4613-63EB-433F-A16D-2625669F0874}.Release|Any CPU.Build.0 = Release|Any CPU
		{8F1A30AD-A8EB-4CED-B374-793C1410FF40}.Debug|Any CPU.ActiveCfg = Debug|Any CPU
		{8F1A30AD-A8EB-4CED-B374-793C1410FF40}.Debug|Any CPU.Build.0 = Debug|Any CPU
		{8F1A30AD-A8EB-4CED-B374-793C1410FF40}.Release|Any CPU.ActiveCfg = Release|Any CPU
		{8F1A30AD-A8EB-4CED-B374-793C1410FF40}.Release|Any CPU.Build.0 = Release|Any CPU
	EndGlobalSection
	GlobalSection(SolutionProperties) = preSolution
		HideSolutionNode = FALSE
	EndGlobalSection
EndGlobal
