
Microsoft Visual Studio Solution File, Format Version 12.00
# Visual Studio 2013
VisualStudioVersion = 12.0.40629.0
MinimumVisualStudioVersion = 10.0.40219.1
Project("{FAE04EC0-301F-11D3-BF4B-00C04F79EFBC}") = "DirectoryTraversal", "DirectoryTraversal\DirectoryTraversal.csproj", "{04799CFB-B746-4B03-99EE-4D120D800DBC}"
EndProject
Project("{2150E333-8FDC-42A3-9474-1A3956D46DE8}") = "04. DirectoryTraversal", "04. DirectoryTraversal", "{87DE91F6-8233-4A23-AB9C-EF3AB7D289CF}"
EndProject
Project("{FAE04EC0-301F-11D3-BF4B-00C04F79EFBC}") = "DirectoryTraversal.Tests", "DirectoryTraversal.Tests\DirectoryTraversal.Tests.csproj", "{B005A474-6828-4932-9B77-0BC1585706C6}"
EndProject
Global
	GlobalSection(SolutionConfigurationPlatforms) = preSolution
		Debug|Any CPU = Debug|Any CPU
		Release|Any CPU = Release|Any CPU
	EndGlobalSection
	GlobalSection(ProjectConfigurationPlatforms) = postSolution
		{04799CFB-B746-4B03-99EE-4D120D800DBC}.Debug|Any CPU.ActiveCfg = Debug|Any CPU
		{04799CFB-B746-4B03-99EE-4D120D800DBC}.Debug|Any CPU.Build.0 = Debug|Any CPU
		{04799CFB-B746-4B03-99EE-4D120D800DBC}.Release|Any CPU.ActiveCfg = Release|Any CPU
		{04799CFB-B746-4B03-99EE-4D120D800DBC}.Release|Any CPU.Build.0 = Release|Any CPU
		{B005A474-6828-4932-9B77-0BC1585706C6}.Debug|Any CPU.ActiveCfg = Debug|Any CPU
		{B005A474-6828-4932-9B77-0BC1585706C6}.Debug|Any CPU.Build.0 = Debug|Any CPU
		{B005A474-6828-4932-9B77-0BC1585706C6}.Release|Any CPU.ActiveCfg = Release|Any CPU
		{B005A474-6828-4932-9B77-0BC1585706C6}.Release|Any CPU.Build.0 = Release|Any CPU
	EndGlobalSection
	GlobalSection(SolutionProperties) = preSolution
		HideSolutionNode = FALSE
	EndGlobalSection
	GlobalSection(NestedProjects) = preSolution
		{04799CFB-B746-4B03-99EE-4D120D800DBC} = {87DE91F6-8233-4A23-AB9C-EF3AB7D289CF}
		{B005A474-6828-4932-9B77-0BC1585706C6} = {87DE91F6-8233-4A23-AB9C-EF3AB7D289CF}
	EndGlobalSection
EndGlobal
