
Microsoft Visual Studio Solution File, Format Version 12.00
# Visual Studio 14
VisualStudioVersion = 14.0.25123.0
MinimumVisualStudioVersion = 10.0.40219.1
Project("{2150E333-8FDC-42A3-9474-1A3956D46DE8}") = "Data", "Data", "{21A056CC-6610-422C-9CBE-2D97C8300C28}"
EndProject
Project("{2150E333-8FDC-42A3-9474-1A3956D46DE8}") = "Web", "Web", "{7C01DF07-0606-48E4-98C9-7E27CE511921}"
EndProject
Project("{2150E333-8FDC-42A3-9474-1A3956D46DE8}") = "Common", "Common", "{030C3956-3368-4F5E-B76B-803E1884F577}"
EndProject
Project("{2150E333-8FDC-42A3-9474-1A3956D46DE8}") = "External Libraries", "External Libraries", "{179EBE96-DAF1-48D5-9F5E-F59174C3BEBA}"
	ProjectSection(SolutionItems) = preProject
		External Libraries\System.Web.Mvc.Expressions.dll = External Libraries\System.Web.Mvc.Expressions.dll
	EndProjectSection
EndProject
Project("{2150E333-8FDC-42A3-9474-1A3956D46DE8}") = "Tests", "Tests", "{5DA9DA51-9A8F-481A-BD75-F84BD37553C8}"
EndProject
Project("{FAE04EC0-301F-11D3-BF4B-00C04F79EFBC}") = "LinkedIn.Common", "Common\LinkedIn.Common\LinkedIn.Common.csproj", "{AB985F51-040F-46FB-9D40-836B1EA205DB}"
EndProject
Project("{FAE04EC0-301F-11D3-BF4B-00C04F79EFBC}") = "Linkedin.Data", "Linkedin.Data\Linkedin.Data.csproj", "{E8DA83F4-F20B-44E1-BA38-C03C301BE51A}"
EndProject
Project("{FAE04EC0-301F-11D3-BF4B-00C04F79EFBC}") = "Linkedin.Models", "Linkedin.Models\Linkedin.Models.csproj", "{97D05E96-CA9A-47BC-9A59-9B1DD8685CA9}"
EndProject
Project("{FAE04EC0-301F-11D3-BF4B-00C04F79EFBC}") = "LinkedIn.Tests", "LinkedIn.Tests\LinkedIn.Tests.csproj", "{C238D92F-FB79-4750-9AED-56F99278C602}"
EndProject
Project("{FAE04EC0-301F-11D3-BF4B-00C04F79EFBC}") = "Linkedin.Web", "Linkedin.Web\Linkedin.Web.csproj", "{EBCAEB7A-2A30-461E-B6FE-19DEF3AFC867}"
EndProject
Global
	GlobalSection(SolutionConfigurationPlatforms) = preSolution
		Debug|Any CPU = Debug|Any CPU
		Release|Any CPU = Release|Any CPU
	EndGlobalSection
	GlobalSection(ProjectConfigurationPlatforms) = postSolution
		{AB985F51-040F-46FB-9D40-836B1EA205DB}.Debug|Any CPU.ActiveCfg = Debug|Any CPU
		{AB985F51-040F-46FB-9D40-836B1EA205DB}.Debug|Any CPU.Build.0 = Debug|Any CPU
		{AB985F51-040F-46FB-9D40-836B1EA205DB}.Release|Any CPU.ActiveCfg = Release|Any CPU
		{AB985F51-040F-46FB-9D40-836B1EA205DB}.Release|Any CPU.Build.0 = Release|Any CPU
		{E8DA83F4-F20B-44E1-BA38-C03C301BE51A}.Debug|Any CPU.ActiveCfg = Debug|Any CPU
		{E8DA83F4-F20B-44E1-BA38-C03C301BE51A}.Debug|Any CPU.Build.0 = Debug|Any CPU
		{E8DA83F4-F20B-44E1-BA38-C03C301BE51A}.Release|Any CPU.ActiveCfg = Release|Any CPU
		{E8DA83F4-F20B-44E1-BA38-C03C301BE51A}.Release|Any CPU.Build.0 = Release|Any CPU
		{97D05E96-CA9A-47BC-9A59-9B1DD8685CA9}.Debug|Any CPU.ActiveCfg = Debug|Any CPU
		{97D05E96-CA9A-47BC-9A59-9B1DD8685CA9}.Debug|Any CPU.Build.0 = Debug|Any CPU
		{97D05E96-CA9A-47BC-9A59-9B1DD8685CA9}.Release|Any CPU.ActiveCfg = Release|Any CPU
		{97D05E96-CA9A-47BC-9A59-9B1DD8685CA9}.Release|Any CPU.Build.0 = Release|Any CPU
		{C238D92F-FB79-4750-9AED-56F99278C602}.Debug|Any CPU.ActiveCfg = Debug|Any CPU
		{C238D92F-FB79-4750-9AED-56F99278C602}.Debug|Any CPU.Build.0 = Debug|Any CPU
		{C238D92F-FB79-4750-9AED-56F99278C602}.Release|Any CPU.ActiveCfg = Release|Any CPU
		{C238D92F-FB79-4750-9AED-56F99278C602}.Release|Any CPU.Build.0 = Release|Any CPU
		{EBCAEB7A-2A30-461E-B6FE-19DEF3AFC867}.Debug|Any CPU.ActiveCfg = Debug|Any CPU
		{EBCAEB7A-2A30-461E-B6FE-19DEF3AFC867}.Debug|Any CPU.Build.0 = Debug|Any CPU
		{EBCAEB7A-2A30-461E-B6FE-19DEF3AFC867}.Release|Any CPU.ActiveCfg = Release|Any CPU
		{EBCAEB7A-2A30-461E-B6FE-19DEF3AFC867}.Release|Any CPU.Build.0 = Release|Any CPU
	EndGlobalSection
	GlobalSection(SolutionProperties) = preSolution
		HideSolutionNode = FALSE
	EndGlobalSection
	GlobalSection(NestedProjects) = preSolution
		{AB985F51-040F-46FB-9D40-836B1EA205DB} = {030C3956-3368-4F5E-B76B-803E1884F577}
		{E8DA83F4-F20B-44E1-BA38-C03C301BE51A} = {21A056CC-6610-422C-9CBE-2D97C8300C28}
		{97D05E96-CA9A-47BC-9A59-9B1DD8685CA9} = {21A056CC-6610-422C-9CBE-2D97C8300C28}
		{C238D92F-FB79-4750-9AED-56F99278C602} = {5DA9DA51-9A8F-481A-BD75-F84BD37553C8}
		{EBCAEB7A-2A30-461E-B6FE-19DEF3AFC867} = {7C01DF07-0606-48E4-98C9-7E27CE511921}
	EndGlobalSection
EndGlobal
