
Microsoft Visual Studio Solution File, Format Version 12.00
# Visual Studio 2013
VisualStudioVersion = 12.0.40629.0
MinimumVisualStudioVersion = 10.0.40219.1
Project("{FAE04EC0-301F-11D3-BF4B-00C04F79EFBC}") = "P1SeriesOfLetters", "P1SeriesOfLetters\P1SeriesOfLetters.csproj", "{0DD25F37-FF63-4B2B-A62A-A31639778EC4}"
EndProject
Project("{FAE04EC0-301F-11D3-BF4B-00C04F79EFBC}") = "P2ReplaceTag", "P2ReplaceTag\P2ReplaceTag.csproj", "{0818ACD8-6643-4303-B6F3-424A47412405}"
EndProject
Project("{FAE04EC0-301F-11D3-BF4B-00C04F79EFBC}") = "P3ExtractEmails", "P3ExtractEmails\P3ExtractEmails.csproj", "{499EF102-11E9-405F-AE80-CFC33778F32B}"
EndProject
Global
	GlobalSection(SolutionConfigurationPlatforms) = preSolution
		Debug|Any CPU = Debug|Any CPU
		Release|Any CPU = Release|Any CPU
	EndGlobalSection
	GlobalSection(ProjectConfigurationPlatforms) = postSolution
		{0DD25F37-FF63-4B2B-A62A-A31639778EC4}.Debug|Any CPU.ActiveCfg = Debug|Any CPU
		{0DD25F37-FF63-4B2B-A62A-A31639778EC4}.Debug|Any CPU.Build.0 = Debug|Any CPU
		{0DD25F37-FF63-4B2B-A62A-A31639778EC4}.Release|Any CPU.ActiveCfg = Release|Any CPU
		{0DD25F37-FF63-4B2B-A62A-A31639778EC4}.Release|Any CPU.Build.0 = Release|Any CPU
		{0818ACD8-6643-4303-B6F3-424A47412405}.Debug|Any CPU.ActiveCfg = Debug|Any CPU
		{0818ACD8-6643-4303-B6F3-424A47412405}.Debug|Any CPU.Build.0 = Debug|Any CPU
		{0818ACD8-6643-4303-B6F3-424A47412405}.Release|Any CPU.ActiveCfg = Release|Any CPU
		{0818ACD8-6643-4303-B6F3-424A47412405}.Release|Any CPU.Build.0 = Release|Any CPU
		{499EF102-11E9-405F-AE80-CFC33778F32B}.Debug|Any CPU.ActiveCfg = Debug|Any CPU
		{499EF102-11E9-405F-AE80-CFC33778F32B}.Debug|Any CPU.Build.0 = Debug|Any CPU
		{499EF102-11E9-405F-AE80-CFC33778F32B}.Release|Any CPU.ActiveCfg = Release|Any CPU
		{499EF102-11E9-405F-AE80-CFC33778F32B}.Release|Any CPU.Build.0 = Release|Any CPU
	EndGlobalSection
	GlobalSection(SolutionProperties) = preSolution
		HideSolutionNode = FALSE
	EndGlobalSection
EndGlobal
