
Microsoft Visual Studio Solution File, Format Version 12.00
# Visual Studio 2013
VisualStudioVersion = 12.0.40629.0
MinimumVisualStudioVersion = 10.0.40219.1
Project("{FAE04EC0-301F-11D3-BF4B-00C04F79EFBC}") = "LinkedStack", "LinkedStack\LinkedStack.csproj", "{111BF8B9-2741-4BC2-91CA-87AC8305545A}"
EndProject
Project("{FAE04EC0-301F-11D3-BF4B-00C04F79EFBC}") = "LinkedStack.Tests", "LinkedStack.Tests\LinkedStack.Tests.csproj", "{2BCD1F56-CEF1-4CD4-AFAE-B43C5596CC4D}"
EndProject
Global
	GlobalSection(SolutionConfigurationPlatforms) = preSolution
		Debug|Any CPU = Debug|Any CPU
		Release|Any CPU = Release|Any CPU
	EndGlobalSection
	GlobalSection(ProjectConfigurationPlatforms) = postSolution
		{111BF8B9-2741-4BC2-91CA-87AC8305545A}.Debug|Any CPU.ActiveCfg = Debug|Any CPU
		{111BF8B9-2741-4BC2-91CA-87AC8305545A}.Debug|Any CPU.Build.0 = Debug|Any CPU
		{111BF8B9-2741-4BC2-91CA-87AC8305545A}.Release|Any CPU.ActiveCfg = Release|Any CPU
		{111BF8B9-2741-4BC2-91CA-87AC8305545A}.Release|Any CPU.Build.0 = Release|Any CPU
		{2BCD1F56-CEF1-4CD4-AFAE-B43C5596CC4D}.Debug|Any CPU.ActiveCfg = Debug|Any CPU
		{2BCD1F56-CEF1-4CD4-AFAE-B43C5596CC4D}.Debug|Any CPU.Build.0 = Debug|Any CPU
		{2BCD1F56-CEF1-4CD4-AFAE-B43C5596CC4D}.Release|Any CPU.ActiveCfg = Release|Any CPU
		{2BCD1F56-CEF1-4CD4-AFAE-B43C5596CC4D}.Release|Any CPU.Build.0 = Release|Any CPU
	EndGlobalSection
	GlobalSection(SolutionProperties) = preSolution
		HideSolutionNode = FALSE
	EndGlobalSection
EndGlobal
