
Microsoft Visual Studio Solution File, Format Version 12.00
# Visual Studio 14
VisualStudioVersion = 14.0.25123.0
MinimumVisualStudioVersion = 10.0.40219.1
Project("{FAE04EC0-301F-11D3-BF4B-00C04F79EFBC}") = "SoftUni.Data", "SoftUni.Data\SoftUni.Data.csproj", "{E868A1D9-2885-435B-A470-4111F756F8EF}"
EndProject
Project("{FAE04EC0-301F-11D3-BF4B-00C04F79EFBC}") = "SoftUni.Client", "SoftUni.Client\SoftUni.Client.csproj", "{CC217C5A-9148-4150-BAC5-21FE57670F32}"
EndProject
Global
	GlobalSection(SolutionConfigurationPlatforms) = preSolution
		Debug|Any CPU = Debug|Any CPU
		Release|Any CPU = Release|Any CPU
	EndGlobalSection
	GlobalSection(ProjectConfigurationPlatforms) = postSolution
		{E868A1D9-2885-435B-A470-4111F756F8EF}.Debug|Any CPU.ActiveCfg = Debug|Any CPU
		{E868A1D9-2885-435B-A470-4111F756F8EF}.Debug|Any CPU.Build.0 = Debug|Any CPU
		{E868A1D9-2885-435B-A470-4111F756F8EF}.Release|Any CPU.ActiveCfg = Release|Any CPU
		{E868A1D9-2885-435B-A470-4111F756F8EF}.Release|Any CPU.Build.0 = Release|Any CPU
		{CC217C5A-9148-4150-BAC5-21FE57670F32}.Debug|Any CPU.ActiveCfg = Debug|Any CPU
		{CC217C5A-9148-4150-BAC5-21FE57670F32}.Debug|Any CPU.Build.0 = Debug|Any CPU
		{CC217C5A-9148-4150-BAC5-21FE57670F32}.Release|Any CPU.ActiveCfg = Release|Any CPU
		{CC217C5A-9148-4150-BAC5-21FE57670F32}.Release|Any CPU.Build.0 = Release|Any CPU
	EndGlobalSection
	GlobalSection(SolutionProperties) = preSolution
		HideSolutionNode = FALSE
	EndGlobalSection
EndGlobal
