
Microsoft Visual Studio Solution File, Format Version 12.00
# Visual Studio 2013
VisualStudioVersion = 12.0.40629.0
MinimumVisualStudioVersion = 10.0.40219.1
Project("{FAE04EC0-301F-11D3-BF4B-00C04F79EFBC}") = "P3MessageSharing", "P3MessageSharing\P3MessageSharing.csproj", "{9EBDF992-65E2-4FC9-B3CE-79511E18A799}"
EndProject
Project("{FAE04EC0-301F-11D3-BF4B-00C04F79EFBC}") = "P1LimitedSumSequences", "P1LimitedSumSequences\P1LimitedSumSequences.csproj", "{B75DA3F9-8DEC-4097-8537-A9ED380C6469}"
EndProject
Project("{FAE04EC0-301F-11D3-BF4B-00C04F79EFBC}") = "P4NestedRectangles", "P4NestedRectangles\P4NestedRectangles.csproj", "{AC617DA7-06DD-4509-909A-470436CAEE47}"
EndProject
Global
	GlobalSection(SolutionConfigurationPlatforms) = preSolution
		Debug|Any CPU = Debug|Any CPU
		Release|Any CPU = Release|Any CPU
	EndGlobalSection
	GlobalSection(ProjectConfigurationPlatforms) = postSolution
		{9EBDF992-65E2-4FC9-B3CE-79511E18A799}.Debug|Any CPU.ActiveCfg = Debug|Any CPU
		{9EBDF992-65E2-4FC9-B3CE-79511E18A799}.Debug|Any CPU.Build.0 = Debug|Any CPU
		{9EBDF992-65E2-4FC9-B3CE-79511E18A799}.Release|Any CPU.ActiveCfg = Release|Any CPU
		{9EBDF992-65E2-4FC9-B3CE-79511E18A799}.Release|Any CPU.Build.0 = Release|Any CPU
		{B75DA3F9-8DEC-4097-8537-A9ED380C6469}.Debug|Any CPU.ActiveCfg = Debug|Any CPU
		{B75DA3F9-8DEC-4097-8537-A9ED380C6469}.Debug|Any CPU.Build.0 = Debug|Any CPU
		{B75DA3F9-8DEC-4097-8537-A9ED380C6469}.Release|Any CPU.ActiveCfg = Release|Any CPU
		{B75DA3F9-8DEC-4097-8537-A9ED380C6469}.Release|Any CPU.Build.0 = Release|Any CPU
		{AC617DA7-06DD-4509-909A-470436CAEE47}.Debug|Any CPU.ActiveCfg = Debug|Any CPU
		{AC617DA7-06DD-4509-909A-470436CAEE47}.Debug|Any CPU.Build.0 = Debug|Any CPU
		{AC617DA7-06DD-4509-909A-470436CAEE47}.Release|Any CPU.ActiveCfg = Release|Any CPU
		{AC617DA7-06DD-4509-909A-470436CAEE47}.Release|Any CPU.Build.0 = Release|Any CPU
	EndGlobalSection
	GlobalSection(SolutionProperties) = preSolution
		HideSolutionNode = FALSE
	EndGlobalSection
EndGlobal
