
Microsoft Visual Studio Solution File, Format Version 12.00
# Visual Studio 14
VisualStudioVersion = 14.0.23107.0
MinimumVisualStudioVersion = 10.0.40219.1
Project("{FAE04EC0-301F-11D3-BF4B-00C04F79EFBC}") = "mUnit.Core", "mUnit.Core\mUnit.Core.csproj", "{36259F15-761D-440C-B3E0-F5F458C0E669}"
EndProject
Project("{FAE04EC0-301F-11D3-BF4B-00C04F79EFBC}") = "mUnit.Sandbox", "mUnit.Sandbox\mUnit.Sandbox.csproj", "{60DB20CD-28DF-4CC3-85BE-DA3243940F77}"
EndProject
Global
	GlobalSection(SolutionConfigurationPlatforms) = preSolution
		Debug|Any CPU = Debug|Any CPU
		Release|Any CPU = Release|Any CPU
	EndGlobalSection
	GlobalSection(ProjectConfigurationPlatforms) = postSolution
		{36259F15-761D-440C-B3E0-F5F458C0E669}.Debug|Any CPU.ActiveCfg = Debug|Any CPU
		{36259F15-761D-440C-B3E0-F5F458C0E669}.Debug|Any CPU.Build.0 = Debug|Any CPU
		{36259F15-761D-440C-B3E0-F5F458C0E669}.Release|Any CPU.ActiveCfg = Release|Any CPU
		{36259F15-761D-440C-B3E0-F5F458C0E669}.Release|Any CPU.Build.0 = Release|Any CPU
		{60DB20CD-28DF-4CC3-85BE-DA3243940F77}.Debug|Any CPU.ActiveCfg = Debug|Any CPU
		{60DB20CD-28DF-4CC3-85BE-DA3243940F77}.Debug|Any CPU.Build.0 = Debug|Any CPU
		{60DB20CD-28DF-4CC3-85BE-DA3243940F77}.Release|Any CPU.ActiveCfg = Release|Any CPU
		{60DB20CD-28DF-4CC3-85BE-DA3243940F77}.Release|Any CPU.Build.0 = Release|Any CPU
	EndGlobalSection
	GlobalSection(SolutionProperties) = preSolution
		HideSolutionNode = FALSE
	EndGlobalSection
EndGlobal
