
Microsoft Visual Studio Solution File, Format Version 12.00
# Visual Studio 14
VisualStudioVersion = 14.0.25123.0
MinimumVisualStudioVersion = 10.0.40219.1
Project("{FAE04EC0-301F-11D3-BF4B-00C04F79EFBC}") = "01.SimpleMapping", "01.SimpleMapping\01.SimpleMapping.csproj", "{F0A24E1E-3286-4A0D-A58D-297E31337835}"
EndProject
Project("{FAE04EC0-301F-11D3-BF4B-00C04F79EFBC}") = "02.AdvancedMapping", "02.AdvancedMapping\02.AdvancedMapping.csproj", "{7FB3E3BB-1D74-4B85-AE3C-244E247C5E83}"
EndProject
Project("{FAE04EC0-301F-11D3-BF4B-00C04F79EFBC}") = "03.Projection", "03.Projection\03.Projection.csproj", "{C7097754-2249-48AB-827E-CBD6CEF6F2F7}"
EndProject
Global
	GlobalSection(SolutionConfigurationPlatforms) = preSolution
		Debug|Any CPU = Debug|Any CPU
		Release|Any CPU = Release|Any CPU
	EndGlobalSection
	GlobalSection(ProjectConfigurationPlatforms) = postSolution
		{F0A24E1E-3286-4A0D-A58D-297E31337835}.Debug|Any CPU.ActiveCfg = Debug|Any CPU
		{F0A24E1E-3286-4A0D-A58D-297E31337835}.Debug|Any CPU.Build.0 = Debug|Any CPU
		{F0A24E1E-3286-4A0D-A58D-297E31337835}.Release|Any CPU.ActiveCfg = Release|Any CPU
		{F0A24E1E-3286-4A0D-A58D-297E31337835}.Release|Any CPU.Build.0 = Release|Any CPU
		{7FB3E3BB-1D74-4B85-AE3C-244E247C5E83}.Debug|Any CPU.ActiveCfg = Debug|Any CPU
		{7FB3E3BB-1D74-4B85-AE3C-244E247C5E83}.Debug|Any CPU.Build.0 = Debug|Any CPU
		{7FB3E3BB-1D74-4B85-AE3C-244E247C5E83}.Release|Any CPU.ActiveCfg = Release|Any CPU
		{7FB3E3BB-1D74-4B85-AE3C-244E247C5E83}.Release|Any CPU.Build.0 = Release|Any CPU
		{C7097754-2249-48AB-827E-CBD6CEF6F2F7}.Debug|Any CPU.ActiveCfg = Debug|Any CPU
		{C7097754-2249-48AB-827E-CBD6CEF6F2F7}.Debug|Any CPU.Build.0 = Debug|Any CPU
		{C7097754-2249-48AB-827E-CBD6CEF6F2F7}.Release|Any CPU.ActiveCfg = Release|Any CPU
		{C7097754-2249-48AB-827E-CBD6CEF6F2F7}.Release|Any CPU.Build.0 = Release|Any CPU
	EndGlobalSection
	GlobalSection(SolutionProperties) = preSolution
		HideSolutionNode = FALSE
	EndGlobalSection
EndGlobal
